
Microsoft Visual Studio Solution File, Format Version 12.00
# Visual Studio Version 16
VisualStudioVersion = 16.0.31624.102
MinimumVisualStudioVersion = 10.0.40219.1
Project("{FAE04EC0-301F-11D3-BF4B-00C04F79EFBC}") = "AmarinFinancial", "AmarinFinancial\AmarinFinancial.csproj", "{1C7EA626-D85B-4B2A-B5F8-F1C133EEC7E0}"
EndProject
Project("{FAE04EC0-301F-11D3-BF4B-00C04F79EFBC}") = "AmarinFinancial.Entity", "AmarinFinancial.Entity\AmarinFinancial.Entity.csproj", "{19CBC178-E0A4-4617-BAC7-495BCD7BE468}"
EndProject
Project("{FAE04EC0-301F-11D3-BF4B-00C04F79EFBC}") = "AmarinFinancial.Persistence", "AmarinFinancial.Persistence\AmarinFinancial.Persistence.csproj", "{C2C7AE94-9AAF-468F-A8BD-DA5B68078151}"
EndProject
Project("{FAE04EC0-301F-11D3-BF4B-00C04F79EFBC}") = "AmarinFinancial.Service", "AmarinFinancial.Service\AmarinFinancial.Service.csproj", "{0ADBBF49-242F-4964-85B3-A0F7351C868E}"
EndProject
Global
	GlobalSection(SolutionConfigurationPlatforms) = preSolution
		Debug|Any CPU = Debug|Any CPU
		Release|Any CPU = Release|Any CPU
	EndGlobalSection
	GlobalSection(ProjectConfigurationPlatforms) = postSolution
		{1C7EA626-D85B-4B2A-B5F8-F1C133EEC7E0}.Debug|Any CPU.ActiveCfg = Debug|Any CPU
		{1C7EA626-D85B-4B2A-B5F8-F1C133EEC7E0}.Debug|Any CPU.Build.0 = Debug|Any CPU
		{1C7EA626-D85B-4B2A-B5F8-F1C133EEC7E0}.Release|Any CPU.ActiveCfg = Release|Any CPU
		{1C7EA626-D85B-4B2A-B5F8-F1C133EEC7E0}.Release|Any CPU.Build.0 = Release|Any CPU
		{19CBC178-E0A4-4617-BAC7-495BCD7BE468}.Debug|Any CPU.ActiveCfg = Debug|Any CPU
		{19CBC178-E0A4-4617-BAC7-495BCD7BE468}.Debug|Any CPU.Build.0 = Debug|Any CPU
		{19CBC178-E0A4-4617-BAC7-495BCD7BE468}.Release|Any CPU.ActiveCfg = Release|Any CPU
		{19CBC178-E0A4-4617-BAC7-495BCD7BE468}.Release|Any CPU.Build.0 = Release|Any CPU
		{C2C7AE94-9AAF-468F-A8BD-DA5B68078151}.Debug|Any CPU.ActiveCfg = Debug|Any CPU
		{C2C7AE94-9AAF-468F-A8BD-DA5B68078151}.Debug|Any CPU.Build.0 = Debug|Any CPU
		{C2C7AE94-9AAF-468F-A8BD-DA5B68078151}.Release|Any CPU.ActiveCfg = Release|Any CPU
		{C2C7AE94-9AAF-468F-A8BD-DA5B68078151}.Release|Any CPU.Build.0 = Release|Any CPU
		{0ADBBF49-242F-4964-85B3-A0F7351C868E}.Debug|Any CPU.ActiveCfg = Debug|Any CPU
		{0ADBBF49-242F-4964-85B3-A0F7351C868E}.Debug|Any CPU.Build.0 = Debug|Any CPU
		{0ADBBF49-242F-4964-85B3-A0F7351C868E}.Release|Any CPU.ActiveCfg = Release|Any CPU
		{0ADBBF49-242F-4964-85B3-A0F7351C868E}.Release|Any CPU.Build.0 = Release|Any CPU
	EndGlobalSection
	GlobalSection(SolutionProperties) = preSolution
		HideSolutionNode = FALSE
	EndGlobalSection
	GlobalSection(ExtensibilityGlobals) = postSolution
		SolutionGuid = {92F68EEB-568D-480B-BEF8-D3088EBD9F65}
	EndGlobalSection
EndGlobal
